{
  "requires": true,
  "lockfileVersion": 1,
  "dependencies": {
    "@types/lodash": {
      "version": "4.14.149",
      "resolved": "https://registry.npmjs.org/@types/lodash/-/lodash-4.14.149.tgz",
      "integrity": "sha512-ijGqzZt/b7BfzcK9vTrS6MFljQRPn5BFWOx8oE0GYxribu6uV+aA9zZuXI1zc/etK9E8nrgdoF2+LgUw7+9tJQ=="
    },
    "lightdash": {
      "version": "10.3.0",
      "resolved": "https://registry.npmjs.org/lightdash/-/lightdash-10.3.0.tgz",
      "integrity": "sha512-NK0Cn0zaMWtKOsniJIBS5D6XtSve7RHsaDsQsqmg1Ff7bZaJLy8DDT4CwArWGh7cvZFjd/N9j75pM0K2M5DVyQ==",
      "requires": {
        "@types/lodash": "^4.14.136",
        "lodash": "^4.17.15"
      }
    },
    "lodash": {
      "version": "4.17.15",
      "resolved": "https://registry.npmjs.org/lodash/-/lodash-4.17.15.tgz",
      "integrity": "sha512-8xOcRHvCjnocdS5cpwXQXVzmmh5e5+saE2QGoeQmbKmRS6J3VQppPOIt0MnmE+4xlZoumy0GPG0D0MVIQbNA1A=="
    },
    "okjs": {
      "version": "3.7.0",
      "resolved": "https://registry.npmjs.org/okjs/-/okjs-3.7.0.tgz",
      "integrity": "sha512-4SD47b62FNahGozEA2fuxfTlSdKR/TPXlwbc5Ame5F6tNhVyDJfCiHHLV2F44ZI8Fmy2Rw6ZZtvQ/pDi7wqfYA==",
      "requires": {
        "lightdash": "^10.3.0"
      }
    }
  }
}
